{
  "name": "superset",
  "lockfileVersion": 3,
  "requires": true,
  "packages": {
    "": {
      "dependencies": {
        "@superset-ui/embedded-sdk": "^0.1.0-alpha.10"
      }
    },
    "node_modules/@superset-ui/embedded-sdk": {
      "version": "0.1.0-alpha.10",
      "resolved": "https://registry.npmjs.org/@superset-ui/embedded-sdk/-/embedded-sdk-0.1.0-alpha.10.tgz",
      "integrity": "sha512-JvDqMidAzoax/ZYLmJKujBATpJM9EXndH/z2uDvjRmm4tIEc35VbAT3tGeuRF0aoTPIY3gHhFhq3cFoXOkvDYw==",
      "dependencies": {
        "@superset-ui/switchboard": "^0.18.26-0",
        "jwt-decode": "^3.1.2"
      }
    },
    "node_modules/@superset-ui/switchboard": {
      "version": "0.18.26-2",
      "resolved": "https://registry.npmjs.org/@superset-ui/switchboard/-/switchboard-0.18.26-2.tgz",
      "integrity": "sha512-yIuEv8QGS+j+SS3P3TGQ0wp9WGKGHJrI39kjh74N1HFZlHhfZEKZ28XdZIjOEXlqCr7pvrF0XPEzLHnGSsbtCg=="
    },
    "node_modules/jwt-decode": {
      "version": "3.1.2",
      "resolved": "https://registry.npmjs.org/jwt-decode/-/jwt-decode-3.1.2.tgz",
      "integrity": "sha512-UfpWE/VZn0iP50d8cz9NrZLM9lSWhcJ+0Gt/nm4by88UL+J1SiKN8/5dkjMmbEzwL2CAe+67GsegCbIKtbp75A=="
    }
  }
}
